
Microsoft Visual Studio Solution File, Format Version 12.00
# Visual Studio 15
VisualStudioVersion = 15.0.28010.2046
MinimumVisualStudioVersion = 10.0.40219.1
Project("{FAE04EC0-301F-11D3-BF4B-00C04F79EFBC}") = "GiveNTake", "GiveNTake\GiveNTake.csproj", "{ED0CF258-1CE7-4944-9C86-5FCBD7B9E530}"
EndProject
Global
	GlobalSection(SolutionConfigurationPlatforms) = preSolution
		Debug|Any CPU = Debug|Any CPU
		Release|Any CPU = Release|Any CPU
	EndGlobalSection
	GlobalSection(ProjectConfigurationPlatforms) = postSolution
		{ED0CF258-1CE7-4944-9C86-5FCBD7B9E530}.Debug|Any CPU.ActiveCfg = Debug|Any CPU
		{ED0CF258-1CE7-4944-9C86-5FCBD7B9E530}.Debug|Any CPU.Build.0 = Debug|Any CPU
		{ED0CF258-1CE7-4944-9C86-5FCBD7B9E530}.Release|Any CPU.ActiveCfg = Release|Any CPU
		{ED0CF258-1CE7-4944-9C86-5FCBD7B9E530}.Release|Any CPU.Build.0 = Release|Any CPU
	EndGlobalSection
	GlobalSection(SolutionProperties) = preSolution
		HideSolutionNode = FALSE
	EndGlobalSection
	GlobalSection(ExtensibilityGlobals) = postSolution
		SolutionGuid = {AB197DBA-9ED9-43C4-BE5F-57438D92BD17}
	EndGlobalSection
EndGlobal
